
Microsoft Visual Studio Solution File, Format Version 12.00
# Visual Studio Version 16
VisualStudioVersion = 16.0.31112.23
MinimumVisualStudioVersion = 10.0.40219.1
Project("{9A19103F-16F7-4668-BE54-9A1E7A4F7556}") = "UAECovidAPI", "UAECovidAPI\UAECovidAPI.csproj", "{C8D6EC9A-E472-47F0-A246-E3BB809BDFCD}"
EndProject
Project("{9A19103F-16F7-4668-BE54-9A1E7A4F7556}") = "CovidInfoWebApp", "CovidInfoWebApp\CovidInfoWebApp.csproj", "{FEEB45E0-77E5-4ADC-8473-12D312DF55A3}"
EndProject
Project("{FAE04EC0-301F-11D3-BF4B-00C04F79EFBC}") = "GenerateExcelFile", "GenerateExcelFile\GenerateExcelFile.csproj", "{4614B1D9-ED22-4A17-9CAF-3139200FAFA5}"
EndProject
Global
	GlobalSection(SolutionConfigurationPlatforms) = preSolution
		Debug|Any CPU = Debug|Any CPU
		Release|Any CPU = Release|Any CPU
	EndGlobalSection
	GlobalSection(ProjectConfigurationPlatforms) = postSolution
		{C8D6EC9A-E472-47F0-A246-E3BB809BDFCD}.Debug|Any CPU.ActiveCfg = Debug|Any CPU
		{C8D6EC9A-E472-47F0-A246-E3BB809BDFCD}.Debug|Any CPU.Build.0 = Debug|Any CPU
		{C8D6EC9A-E472-47F0-A246-E3BB809BDFCD}.Release|Any CPU.ActiveCfg = Release|Any CPU
		{C8D6EC9A-E472-47F0-A246-E3BB809BDFCD}.Release|Any CPU.Build.0 = Release|Any CPU
		{FEEB45E0-77E5-4ADC-8473-12D312DF55A3}.Debug|Any CPU.ActiveCfg = Debug|Any CPU
		{FEEB45E0-77E5-4ADC-8473-12D312DF55A3}.Debug|Any CPU.Build.0 = Debug|Any CPU
		{FEEB45E0-77E5-4ADC-8473-12D312DF55A3}.Release|Any CPU.ActiveCfg = Release|Any CPU
		{FEEB45E0-77E5-4ADC-8473-12D312DF55A3}.Release|Any CPU.Build.0 = Release|Any CPU
		{4614B1D9-ED22-4A17-9CAF-3139200FAFA5}.Debug|Any CPU.ActiveCfg = Debug|Any CPU
		{4614B1D9-ED22-4A17-9CAF-3139200FAFA5}.Debug|Any CPU.Build.0 = Debug|Any CPU
		{4614B1D9-ED22-4A17-9CAF-3139200FAFA5}.Release|Any CPU.ActiveCfg = Release|Any CPU
		{4614B1D9-ED22-4A17-9CAF-3139200FAFA5}.Release|Any CPU.Build.0 = Release|Any CPU
	EndGlobalSection
	GlobalSection(SolutionProperties) = preSolution
		HideSolutionNode = FALSE
	EndGlobalSection
	GlobalSection(ExtensibilityGlobals) = postSolution
		SolutionGuid = {DC6176E4-BAF2-47E0-8D6F-46B3B1A9AD3D}
	EndGlobalSection
EndGlobal
