
Microsoft Visual Studio Solution File, Format Version 12.00
# Visual Studio Version 16
VisualStudioVersion = 16.0.31112.23
MinimumVisualStudioVersion = 10.0.40219.1
Project("{FAE04EC0-301F-11D3-BF4B-00C04F79EFBC}") = "GenerateExcelFile", "GenerateExcelFile\GenerateExcelFile.csproj", "{4614B1D9-ED22-4A17-9CAF-3139200FAFA5}"
EndProject
Global
	GlobalSection(SolutionConfigurationPlatforms) = preSolution
		Debug|Any CPU = Debug|Any CPU
		Release|Any CPU = Release|Any CPU
	EndGlobalSection
	GlobalSection(ProjectConfigurationPlatforms) = postSolution
		{4614B1D9-ED22-4A17-9CAF-3139200FAFA5}.Debug|Any CPU.ActiveCfg = Debug|Any CPU
		{4614B1D9-ED22-4A17-9CAF-3139200FAFA5}.Debug|Any CPU.Build.0 = Debug|Any CPU
		{4614B1D9-ED22-4A17-9CAF-3139200FAFA5}.Release|Any CPU.ActiveCfg = Release|Any CPU
		{4614B1D9-ED22-4A17-9CAF-3139200FAFA5}.Release|Any CPU.Build.0 = Release|Any CPU
	EndGlobalSection
	GlobalSection(SolutionProperties) = preSolution
		HideSolutionNode = FALSE
	EndGlobalSection
	GlobalSection(ExtensibilityGlobals) = postSolution
		SolutionGuid = {B4869C33-3619-43BE-93BA-F5DF3897336B}
	EndGlobalSection
EndGlobal
